
Microsoft Visual Studio Solution File, Format Version 12.00
# Visual Studio 15
VisualStudioVersion = 15.0.28307.1340
MinimumVisualStudioVersion = 10.0.40219.1
Project("{FAE04EC0-301F-11D3-BF4B-00C04F79EFBC}") = "WebService_Pub", "WebService_Pub\WebService_Pub.csproj", "{892C5781-B8DC-4441-9EFD-92549658D73A}"
EndProject
Project("{FAE04EC0-301F-11D3-BF4B-00C04F79EFBC}") = "ConexionDatos", "ConexionDatos\ConexionDatos.csproj", "{714BCB34-2220-4C96-9B4D-49B571878EE3}"
EndProject
Global
	GlobalSection(SolutionConfigurationPlatforms) = preSolution
		Debug|Any CPU = Debug|Any CPU
		Release|Any CPU = Release|Any CPU
	EndGlobalSection
	GlobalSection(ProjectConfigurationPlatforms) = postSolution
		{892C5781-B8DC-4441-9EFD-92549658D73A}.Debug|Any CPU.ActiveCfg = Debug|Any CPU
		{892C5781-B8DC-4441-9EFD-92549658D73A}.Debug|Any CPU.Build.0 = Debug|Any CPU
		{892C5781-B8DC-4441-9EFD-92549658D73A}.Release|Any CPU.ActiveCfg = Release|Any CPU
		{892C5781-B8DC-4441-9EFD-92549658D73A}.Release|Any CPU.Build.0 = Release|Any CPU
		{714BCB34-2220-4C96-9B4D-49B571878EE3}.Debug|Any CPU.ActiveCfg = Debug|Any CPU
		{714BCB34-2220-4C96-9B4D-49B571878EE3}.Debug|Any CPU.Build.0 = Debug|Any CPU
		{714BCB34-2220-4C96-9B4D-49B571878EE3}.Release|Any CPU.ActiveCfg = Release|Any CPU
		{714BCB34-2220-4C96-9B4D-49B571878EE3}.Release|Any CPU.Build.0 = Release|Any CPU
	EndGlobalSection
	GlobalSection(SolutionProperties) = preSolution
		HideSolutionNode = FALSE
	EndGlobalSection
	GlobalSection(ExtensibilityGlobals) = postSolution
		SolutionGuid = {C1283AD5-EF46-464B-9BA5-FA69AB1B91D9}
	EndGlobalSection
EndGlobal
